
Microsoft Visual Studio Solution File, Format Version 12.00
# Visual Studio Version 17
VisualStudioVersion = 17.0.31903.59
MinimumVisualStudioVersion = 10.0.40219.1
Project("{FAE04EC0-301F-11D3-BF4B-00C04F79EFBC}") = "CalculatorApp", "src\CalculatorApp.csproj", "{FFE7F133-BB17-455D-8995-6BCFA7875778}"
EndProject
Project("{FAE04EC0-301F-11D3-BF4B-00C04F79EFBC}") = "CalculatorTests", "tests\CalculatorTests.csproj", "{68B6E042-BD16-48E1-B23B-C608C4A9630F}"
EndProject
Global
	GlobalSection(SolutionConfigurationPlatforms) = preSolution
		Debug|Any CPU = Debug|Any CPU
		Release|Any CPU = Release|Any CPU
	EndGlobalSection
	GlobalSection(SolutionProperties) = preSolution
		HideSolutionNode = FALSE
	EndGlobalSection
	GlobalSection(ProjectConfigurationPlatforms) = postSolution
		{FFE7F133-BB17-455D-8995-6BCFA7875778}.Debug|Any CPU.ActiveCfg = Debug|Any CPU
		{FFE7F133-BB17-455D-8995-6BCFA7875778}.Debug|Any CPU.Build.0 = Debug|Any CPU
		{FFE7F133-BB17-455D-8995-6BCFA7875778}.Release|Any CPU.ActiveCfg = Release|Any CPU
		{FFE7F133-BB17-455D-8995-6BCFA7875778}.Release|Any CPU.Build.0 = Release|Any CPU
		{68B6E042-BD16-48E1-B23B-C608C4A9630F}.Debug|Any CPU.ActiveCfg = Debug|Any CPU
		{68B6E042-BD16-48E1-B23B-C608C4A9630F}.Debug|Any CPU.Build.0 = Debug|Any CPU
		{68B6E042-BD16-48E1-B23B-C608C4A9630F}.Release|Any CPU.ActiveCfg = Release|Any CPU
		{68B6E042-BD16-48E1-B23B-C608C4A9630F}.Release|Any CPU.Build.0 = Release|Any CPU
	EndGlobalSection
EndGlobal
